
Microsoft Visual Studio Solution File, Format Version 12.00
# Visual Studio Version 17
VisualStudioVersion = 17.1.32414.318
MinimumVisualStudioVersion = 10.0.40219.1
Project("{FAE04EC0-301F-11D3-BF4B-00C04F79EFBC}") = "Basic_Program", "Basic_Program\Basic_Program.csproj", "{93AEAC58-4C95-4F03-AFF0-92CD31E91338}"
EndProject
Global
	GlobalSection(SolutionConfigurationPlatforms) = preSolution
		Debug|Any CPU = Debug|Any CPU
		Release|Any CPU = Release|Any CPU
	EndGlobalSection
	GlobalSection(ProjectConfigurationPlatforms) = postSolution
		{93AEAC58-4C95-4F03-AFF0-92CD31E91338}.Debug|Any CPU.ActiveCfg = Debug|Any CPU
		{93AEAC58-4C95-4F03-AFF0-92CD31E91338}.Debug|Any CPU.Build.0 = Debug|Any CPU
		{93AEAC58-4C95-4F03-AFF0-92CD31E91338}.Release|Any CPU.ActiveCfg = Release|Any CPU
		{93AEAC58-4C95-4F03-AFF0-92CD31E91338}.Release|Any CPU.Build.0 = Release|Any CPU
	EndGlobalSection
	GlobalSection(SolutionProperties) = preSolution
		HideSolutionNode = FALSE
	EndGlobalSection
	GlobalSection(ExtensibilityGlobals) = postSolution
		SolutionGuid = {619C659B-3253-48B4-BA5E-F90E702BB61C}
	EndGlobalSection
EndGlobal
